
Microsoft Visual Studio Solution File, Format Version 12.00
# Visual Studio 15
VisualStudioVersion = 15.0.28307.421
MinimumVisualStudioVersion = 10.0.40219.1
Project("{FAE04EC0-301F-11D3-BF4B-00C04F79EFBC}") = "HappyCodingThis.WebCrawler", "HappyCodingThis.WebCrawler\HappyCodingThis.WebCrawler.csproj", "{36CE7ACD-94DB-4F25-862F-FA24FAA04DA1}"
EndProject
Project("{FAE04EC0-301F-11D3-BF4B-00C04F79EFBC}") = "ConsoleApp1", "ConsoleApp1\ConsoleApp1.csproj", "{C3844215-8EF0-43DF-9791-D0F3440485AB}"
EndProject
Global
	GlobalSection(SolutionConfigurationPlatforms) = preSolution
		Debug|Any CPU = Debug|Any CPU
		Release|Any CPU = Release|Any CPU
	EndGlobalSection
	GlobalSection(ProjectConfigurationPlatforms) = postSolution
		{36CE7ACD-94DB-4F25-862F-FA24FAA04DA1}.Debug|Any CPU.ActiveCfg = Debug|Any CPU
		{36CE7ACD-94DB-4F25-862F-FA24FAA04DA1}.Debug|Any CPU.Build.0 = Debug|Any CPU
		{36CE7ACD-94DB-4F25-862F-FA24FAA04DA1}.Release|Any CPU.ActiveCfg = Release|Any CPU
		{36CE7ACD-94DB-4F25-862F-FA24FAA04DA1}.Release|Any CPU.Build.0 = Release|Any CPU
		{C3844215-8EF0-43DF-9791-D0F3440485AB}.Debug|Any CPU.ActiveCfg = Debug|Any CPU
		{C3844215-8EF0-43DF-9791-D0F3440485AB}.Debug|Any CPU.Build.0 = Debug|Any CPU
		{C3844215-8EF0-43DF-9791-D0F3440485AB}.Release|Any CPU.ActiveCfg = Release|Any CPU
		{C3844215-8EF0-43DF-9791-D0F3440485AB}.Release|Any CPU.Build.0 = Release|Any CPU
	EndGlobalSection
	GlobalSection(SolutionProperties) = preSolution
		HideSolutionNode = FALSE
	EndGlobalSection
	GlobalSection(ExtensibilityGlobals) = postSolution
		SolutionGuid = {41407F23-A60C-4D64-9CF4-9725B09FA6FB}
	EndGlobalSection
EndGlobal
